
Microsoft Visual Studio Solution File, Format Version 12.00
# Visual Studio Version 17
VisualStudioVersion = 17.0.31912.275
MinimumVisualStudioVersion = 14.0.25420.1
Project("{9A19103F-16F7-4668-BE54-9A1E7A4F7556}") = "mRemoteNG", "mRemoteNG\mRemoteNG.csproj", "{4934A491-40BC-4E5B-9166-EA1169A220F6}"
EndProject
Project("{9A19103F-16F7-4668-BE54-9A1E7A4F7556}") = "mRemoteNGTests", "mRemoteNGTests\mRemoteNGTests.csproj", "{1453B37F-8621-499E-B0B2-6091F76DC0BB}"
EndProject
Project("{2150E333-8FDC-42A3-9474-1A3956D46DE8}") = "mRemoteNGInstaller", "mRemoteNGInstaller", "{4FE795BE-646E-4F1B-BAD0-A68EA26394DD}"
EndProject
Project("{FAE04EC0-301F-11D3-BF4B-00C04F79EFBC}") = "CustomActions", "mRemoteNGInstaller\CustomActions\CustomActions.csproj", "{5423D985-CB48-4344-B47F-E8C6D60C8B04}"
EndProject
Project("{930C7802-8A8C-48F9-8165-68863BCCD9DD}") = "Installer", "mRemoteNGInstaller\Installer\Installer.wixproj", "{F0168B9F-6815-40DF-BA53-46CEE7683B68}"
	ProjectSection(ProjectDependencies) = postProject
		{4934A491-40BC-4E5B-9166-EA1169A220F6} = {4934A491-40BC-4E5B-9166-EA1169A220F6}
		{5423D985-CB48-4344-B47F-E8C6D60C8B04} = {5423D985-CB48-4344-B47F-E8C6D60C8B04}
		{A56A2029-79B8-492A-ABE5-D2BFE05801BD} = {A56A2029-79B8-492A-ABE5-D2BFE05801BD}
	EndProjectSection
EndProject
Project("{9A19103F-16F7-4668-BE54-9A1E7A4F7556}") = "mRemoteNGSpecs", "mRemoteNGSpecs\mRemoteNGSpecs.csproj", "{16AA21E2-D6B7-427D-AB7D-AA8C611B724E}"
EndProject
Project("{9A19103F-16F7-4668-BE54-9A1E7A4F7556}") = "ExternalConnectors", "ExternalConnectors\ExternalConnectors.csproj", "{A56A2029-79B8-492A-ABE5-D2BFE05801BD}"
EndProject
Global
	GlobalSection(SolutionConfigurationPlatforms) = preSolution
		Debug Installer|x64 = Debug Installer|x64
		Debug Portable|x64 = Debug Portable|x64
		Debug|x64 = Debug|x64
		Release Installer|x64 = Release Installer|x64
		Release Portable|x64 = Release Portable|x64
		Release|x64 = Release|x64
	EndGlobalSection
	GlobalSection(ProjectConfigurationPlatforms) = postSolution
		{4934A491-40BC-4E5B-9166-EA1169A220F6}.Debug Installer|x64.ActiveCfg = Debug|x64
		{4934A491-40BC-4E5B-9166-EA1169A220F6}.Debug Installer|x64.Build.0 = Debug|x64
		{4934A491-40BC-4E5B-9166-EA1169A220F6}.Debug Portable|x64.ActiveCfg = Debug Portable|x64
		{4934A491-40BC-4E5B-9166-EA1169A220F6}.Debug Portable|x64.Build.0 = Debug Portable|x64
		{4934A491-40BC-4E5B-9166-EA1169A220F6}.Debug|x64.ActiveCfg = Debug|x64
		{4934A491-40BC-4E5B-9166-EA1169A220F6}.Debug|x64.Build.0 = Debug|x64
		{4934A491-40BC-4E5B-9166-EA1169A220F6}.Release Installer|x64.ActiveCfg = Release|x64
		{4934A491-40BC-4E5B-9166-EA1169A220F6}.Release Portable|x64.ActiveCfg = Release Portable|x64
		{4934A491-40BC-4E5B-9166-EA1169A220F6}.Release Portable|x64.Build.0 = Release Portable|x64
		{4934A491-40BC-4E5B-9166-EA1169A220F6}.Release|x64.ActiveCfg = Release|x64
		{4934A491-40BC-4E5B-9166-EA1169A220F6}.Release|x64.Build.0 = Release|x64
		{1453B37F-8621-499E-B0B2-6091F76DC0BB}.Debug Installer|x64.ActiveCfg = Debug|x64
		{1453B37F-8621-499E-B0B2-6091F76DC0BB}.Debug Portable|x64.ActiveCfg = Debug Portable|x64
		{1453B37F-8621-499E-B0B2-6091F76DC0BB}.Debug|x64.ActiveCfg = Debug|x64
		{1453B37F-8621-499E-B0B2-6091F76DC0BB}.Release Installer|x64.ActiveCfg = Release|x64
		{1453B37F-8621-499E-B0B2-6091F76DC0BB}.Release Portable|x64.ActiveCfg = Release Portable|x64
		{1453B37F-8621-499E-B0B2-6091F76DC0BB}.Release Portable|x64.Build.0 = Release Portable|x64
		{1453B37F-8621-499E-B0B2-6091F76DC0BB}.Release|x64.ActiveCfg = Release|x64
		{1453B37F-8621-499E-B0B2-6091F76DC0BB}.Release|x64.Build.0 = Release|x64
		{5423D985-CB48-4344-B47F-E8C6D60C8B04}.Debug Installer|x64.ActiveCfg = Debug|x64
		{5423D985-CB48-4344-B47F-E8C6D60C8B04}.Debug Installer|x64.Build.0 = Debug|x64
		{5423D985-CB48-4344-B47F-E8C6D60C8B04}.Debug Portable|x64.ActiveCfg = Debug Portable|x64
		{5423D985-CB48-4344-B47F-E8C6D60C8B04}.Debug|x64.ActiveCfg = Debug|x64
		{5423D985-CB48-4344-B47F-E8C6D60C8B04}.Release Installer|x64.ActiveCfg = Release|x64
		{5423D985-CB48-4344-B47F-E8C6D60C8B04}.Release Installer|x64.Build.0 = Release|x64
		{5423D985-CB48-4344-B47F-E8C6D60C8B04}.Release Portable|x64.ActiveCfg = Release Portable|x64
		{5423D985-CB48-4344-B47F-E8C6D60C8B04}.Release|x64.ActiveCfg = Release|x64
		{F0168B9F-6815-40DF-BA53-46CEE7683B68}.Debug Installer|x64.ActiveCfg = Debug|x64
		{F0168B9F-6815-40DF-BA53-46CEE7683B68}.Debug Installer|x64.Build.0 = Debug|x64
		{F0168B9F-6815-40DF-BA53-46CEE7683B68}.Debug Portable|x64.ActiveCfg = Debug Portable|x64
		{F0168B9F-6815-40DF-BA53-46CEE7683B68}.Debug|x64.ActiveCfg = Debug|x64
		{F0168B9F-6815-40DF-BA53-46CEE7683B68}.Release Installer|x64.ActiveCfg = Release|x64
		{F0168B9F-6815-40DF-BA53-46CEE7683B68}.Release Installer|x64.Build.0 = Release|x64
		{F0168B9F-6815-40DF-BA53-46CEE7683B68}.Release Portable|x64.ActiveCfg = Release Portable|x64
		{F0168B9F-6815-40DF-BA53-46CEE7683B68}.Release|x64.ActiveCfg = Release|x64
		{F0168B9F-6815-40DF-BA53-46CEE7683B68}.Release|x64.Build.0 = Release|x64
		{16AA21E2-D6B7-427D-AB7D-AA8C611B724E}.Debug Installer|x64.ActiveCfg = Debug|x64
		{16AA21E2-D6B7-427D-AB7D-AA8C611B724E}.Debug Portable|x64.ActiveCfg = Debug Portable|x64
		{16AA21E2-D6B7-427D-AB7D-AA8C611B724E}.Debug|x64.ActiveCfg = Debug|x64
		{16AA21E2-D6B7-427D-AB7D-AA8C611B724E}.Release Installer|x64.ActiveCfg = Release|x64
		{16AA21E2-D6B7-427D-AB7D-AA8C611B724E}.Release Portable|x64.ActiveCfg = Release Portable|x64
		{16AA21E2-D6B7-427D-AB7D-AA8C611B724E}.Release|x64.ActiveCfg = Release|x64
		{A56A2029-79B8-492A-ABE5-D2BFE05801BD}.Debug Installer|x64.ActiveCfg = Debug|x64
		{A56A2029-79B8-492A-ABE5-D2BFE05801BD}.Debug Installer|x64.Build.0 = Debug|x64
		{A56A2029-79B8-492A-ABE5-D2BFE05801BD}.Debug Portable|x64.ActiveCfg = Debug Portable|x64
		{A56A2029-79B8-492A-ABE5-D2BFE05801BD}.Debug Portable|x64.Build.0 = Debug Portable|x64
		{A56A2029-79B8-492A-ABE5-D2BFE05801BD}.Debug|x64.ActiveCfg = Debug|x64
		{A56A2029-79B8-492A-ABE5-D2BFE05801BD}.Debug|x64.Build.0 = Debug|x64
		{A56A2029-79B8-492A-ABE5-D2BFE05801BD}.Release Installer|x64.ActiveCfg = Release|x64
		{A56A2029-79B8-492A-ABE5-D2BFE05801BD}.Release Portable|x64.ActiveCfg = Release Portable|x64
		{A56A2029-79B8-492A-ABE5-D2BFE05801BD}.Release Portable|x64.Build.0 = Release Portable|x64
		{A56A2029-79B8-492A-ABE5-D2BFE05801BD}.Release|x64.ActiveCfg = Release|x64
		{A56A2029-79B8-492A-ABE5-D2BFE05801BD}.Release|x64.Build.0 = Release|x64
	EndGlobalSection
	GlobalSection(SolutionProperties) = preSolution
		HideSolutionNode = FALSE
	EndGlobalSection
	GlobalSection(NestedProjects) = preSolution
		{5423D985-CB48-4344-B47F-E8C6D60C8B04} = {4FE795BE-646E-4F1B-BAD0-A68EA26394DD}
		{F0168B9F-6815-40DF-BA53-46CEE7683B68} = {4FE795BE-646E-4F1B-BAD0-A68EA26394DD}
	EndGlobalSection
	GlobalSection(ExtensibilityGlobals) = postSolution
		SolutionGuid = {5D390A0C-2FC4-4908-B86E-7E4DEF5916EC}
	EndGlobalSection
EndGlobal
