
Microsoft Visual Studio Solution File, Format Version 12.00
# Visual Studio 2013
VisualStudioVersion = 12.0.21005.1
MinimumVisualStudioVersion = 10.0.40219.1
Project("{F184B08F-C81C-45F6-A57F-5ABD9991F28F}") = "mRemoteNG", "mRemoteNG\mRemoteNG.vbproj", "{4934A491-40BC-4E5B-9166-EA1169A220F6}"
EndProject
Project("{F184B08F-C81C-45F6-A57F-5ABD9991F28F}") = "TestProject", "TestProject\TestProject.vbproj", "{24E0689D-95C0-4AAB-A93F-B8D6B7F0CB97}"
EndProject
Project("{2150E333-8FDC-42A3-9474-1A3956D46DE8}") = "Solution Items", "Solution Items", "{38EB1EFD-C8C8-49A2-BCA7-63F7A02B3153}"
	ProjectSection(SolutionItems) = preProject
		Local.testsettings = Local.testsettings
		mRemoteV1.vsmdi = mRemoteV1.vsmdi
		TraceAndTestImpact.testsettings = TraceAndTestImpact.testsettings
	EndProjectSection
EndProject
Project("{FAE04EC0-301F-11D3-BF4B-00C04F79EFBC}") = "SharedLibraryNG", "SharedLibraryNG\SharedLibraryNG.csproj", "{0F615504-5F30-4CF2-8341-1DE7FEC95A23}"
EndProject
Project("{FAE04EC0-301F-11D3-BF4B-00C04F79EFBC}") = "CefSharp", "Included Components\CefSharp\CefSharp\CefSharp.csproj", "{A55848CC-10E7-40CB-ADDB-04740B16DD43}"
EndProject
Project("{FAE04EC0-301F-11D3-BF4B-00C04F79EFBC}") = "WinFormsUI", "Included Components\dockpanelsuite\WinFormsUI\WinFormsUI.csproj", "{C75532C4-765B-418E-B09B-46D36B2ABDB1}"
EndProject
Project("{FAE04EC0-301F-11D3-BF4B-00C04F79EFBC}") = "MagicLibrary", "Included Components\magicdock\Source\MagicLibrary\MagicLibrary.csproj", "{F284392F-6873-4BE5-99BA-24793532D930}"
EndProject
Project("{FAE04EC0-301F-11D3-BF4B-00C04F79EFBC}") = "SharpSSH", "Included Components\Enhanced-SharpSSH\EnhancedSharpSSH\SharpSSH-1.1.1.13.src\SharpSSH\SharpSSH.csproj", "{D27CF69D-4681-492A-BE4D-D3D209104423}"
EndProject
Project("{FAE04EC0-301F-11D3-BF4B-00C04F79EFBC}") = "DiffieHellman", "Included Components\Enhanced-SharpSSH\EnhancedSharpSSH\DiffieHellman\DiffieHellman.csproj", "{51A5DB78-BDDF-466D-911D-FCD600413726}"
EndProject
Project("{FAE04EC0-301F-11D3-BF4B-00C04F79EFBC}") = "FilteredPropertyGrid", "Included Components\FilteredPropertyGrid_src\FilteredPropertyGrid\FilteredPropertyGrid.csproj", "{C74B67EE-E6E9-40BE-A76E-434EF1B4C78A}"
EndProject
Project("{FAE04EC0-301F-11D3-BF4B-00C04F79EFBC}") = "PSTaskDialog", "Included Components\PSTaskDialog\PSTaskDialog\PSTaskDialog.csproj", "{0253E98B-6374-48AA-8740-89BC2939FF77}"
EndProject
Project("{FAE04EC0-301F-11D3-BF4B-00C04F79EFBC}") = "VncSharp", "Included Components\VNCShartNG\VncSharp\VncSharp.csproj", "{E0695F0F-0FAF-44BC-AE55-A1FCBFE70271}"
EndProject
Project("{FAE04EC0-301F-11D3-BF4B-00C04F79EFBC}") = "log4net.vs2008", "Included Components\log4net\src\log4net.vs2008.csproj", "{181FE707-E161-4722-9F38-6AAAB6FAA106}"
EndProject
Global
	GlobalSection(SolutionConfigurationPlatforms) = preSolution
		Debug Portable|Any CPU = Debug Portable|Any CPU
		Debug Portable|Mixed Platforms = Debug Portable|Mixed Platforms
		Debug Portable|x64 = Debug Portable|x64
		Debug Portable|x86 = Debug Portable|x86
		Debug|Any CPU = Debug|Any CPU
		Debug|Mixed Platforms = Debug|Mixed Platforms
		Debug|x64 = Debug|x64
		Debug|x86 = Debug|x86
		Release Portable|Any CPU = Release Portable|Any CPU
		Release Portable|Mixed Platforms = Release Portable|Mixed Platforms
		Release Portable|x64 = Release Portable|x64
		Release Portable|x86 = Release Portable|x86
		Release|Any CPU = Release|Any CPU
		Release|Mixed Platforms = Release|Mixed Platforms
		Release|x64 = Release|x64
		Release|x86 = Release|x86
		StrongMagic|Any CPU = StrongMagic|Any CPU
		StrongMagic|Mixed Platforms = StrongMagic|Mixed Platforms
		StrongMagic|x64 = StrongMagic|x64
		StrongMagic|x86 = StrongMagic|x86
	EndGlobalSection
	GlobalSection(ProjectConfigurationPlatforms) = postSolution
		{4934A491-40BC-4E5B-9166-EA1169A220F6}.Debug Portable|Any CPU.ActiveCfg = Debug Portable|Any CPU
		{4934A491-40BC-4E5B-9166-EA1169A220F6}.Debug Portable|Any CPU.Build.0 = Debug Portable|Any CPU
		{4934A491-40BC-4E5B-9166-EA1169A220F6}.Debug Portable|Mixed Platforms.ActiveCfg = Debug Portable|Any CPU
		{4934A491-40BC-4E5B-9166-EA1169A220F6}.Debug Portable|Mixed Platforms.Build.0 = Debug Portable|Any CPU
		{4934A491-40BC-4E5B-9166-EA1169A220F6}.Debug Portable|x64.ActiveCfg = Debug Portable|Any CPU
		{4934A491-40BC-4E5B-9166-EA1169A220F6}.Debug Portable|x86.ActiveCfg = Debug Portable|Any CPU
		{4934A491-40BC-4E5B-9166-EA1169A220F6}.Debug|Any CPU.ActiveCfg = Debug|Any CPU
		{4934A491-40BC-4E5B-9166-EA1169A220F6}.Debug|Any CPU.Build.0 = Debug|Any CPU
		{4934A491-40BC-4E5B-9166-EA1169A220F6}.Debug|Mixed Platforms.ActiveCfg = Debug|Any CPU
		{4934A491-40BC-4E5B-9166-EA1169A220F6}.Debug|Mixed Platforms.Build.0 = Debug|Any CPU
		{4934A491-40BC-4E5B-9166-EA1169A220F6}.Debug|x64.ActiveCfg = Debug|Any CPU
		{4934A491-40BC-4E5B-9166-EA1169A220F6}.Debug|x86.ActiveCfg = Debug|Any CPU
		{4934A491-40BC-4E5B-9166-EA1169A220F6}.Release Portable|Any CPU.ActiveCfg = Release Portable|Any CPU
		{4934A491-40BC-4E5B-9166-EA1169A220F6}.Release Portable|Any CPU.Build.0 = Release Portable|Any CPU
		{4934A491-40BC-4E5B-9166-EA1169A220F6}.Release Portable|Mixed Platforms.ActiveCfg = Release Portable|Any CPU
		{4934A491-40BC-4E5B-9166-EA1169A220F6}.Release Portable|Mixed Platforms.Build.0 = Release Portable|Any CPU
		{4934A491-40BC-4E5B-9166-EA1169A220F6}.Release Portable|x64.ActiveCfg = Release Portable|Any CPU
		{4934A491-40BC-4E5B-9166-EA1169A220F6}.Release Portable|x86.ActiveCfg = Release Portable|Any CPU
		{4934A491-40BC-4E5B-9166-EA1169A220F6}.Release|Any CPU.ActiveCfg = Release|Any CPU
		{4934A491-40BC-4E5B-9166-EA1169A220F6}.Release|Any CPU.Build.0 = Release|Any CPU
		{4934A491-40BC-4E5B-9166-EA1169A220F6}.Release|Mixed Platforms.ActiveCfg = Release|Any CPU
		{4934A491-40BC-4E5B-9166-EA1169A220F6}.Release|Mixed Platforms.Build.0 = Release|Any CPU
		{4934A491-40BC-4E5B-9166-EA1169A220F6}.Release|x64.ActiveCfg = Release|Any CPU
		{4934A491-40BC-4E5B-9166-EA1169A220F6}.Release|x86.ActiveCfg = Release|Any CPU
		{4934A491-40BC-4E5B-9166-EA1169A220F6}.StrongMagic|Any CPU.ActiveCfg = Release|Any CPU
		{4934A491-40BC-4E5B-9166-EA1169A220F6}.StrongMagic|Any CPU.Build.0 = Release|Any CPU
		{4934A491-40BC-4E5B-9166-EA1169A220F6}.StrongMagic|Mixed Platforms.ActiveCfg = Release|Any CPU
		{4934A491-40BC-4E5B-9166-EA1169A220F6}.StrongMagic|Mixed Platforms.Build.0 = Release|Any CPU
		{4934A491-40BC-4E5B-9166-EA1169A220F6}.StrongMagic|x64.ActiveCfg = Release|Any CPU
		{4934A491-40BC-4E5B-9166-EA1169A220F6}.StrongMagic|x86.ActiveCfg = Release|Any CPU
		{24E0689D-95C0-4AAB-A93F-B8D6B7F0CB97}.Debug Portable|Any CPU.ActiveCfg = Debug|Any CPU
		{24E0689D-95C0-4AAB-A93F-B8D6B7F0CB97}.Debug Portable|Any CPU.Build.0 = Debug|Any CPU
		{24E0689D-95C0-4AAB-A93F-B8D6B7F0CB97}.Debug Portable|Mixed Platforms.ActiveCfg = Debug|Any CPU
		{24E0689D-95C0-4AAB-A93F-B8D6B7F0CB97}.Debug Portable|Mixed Platforms.Build.0 = Debug|Any CPU
		{24E0689D-95C0-4AAB-A93F-B8D6B7F0CB97}.Debug Portable|x64.ActiveCfg = Debug|Any CPU
		{24E0689D-95C0-4AAB-A93F-B8D6B7F0CB97}.Debug Portable|x86.ActiveCfg = Debug|Any CPU
		{24E0689D-95C0-4AAB-A93F-B8D6B7F0CB97}.Debug|Any CPU.ActiveCfg = Debug|Any CPU
		{24E0689D-95C0-4AAB-A93F-B8D6B7F0CB97}.Debug|Any CPU.Build.0 = Debug|Any CPU
		{24E0689D-95C0-4AAB-A93F-B8D6B7F0CB97}.Debug|Mixed Platforms.ActiveCfg = Debug|Any CPU
		{24E0689D-95C0-4AAB-A93F-B8D6B7F0CB97}.Debug|Mixed Platforms.Build.0 = Debug|Any CPU
		{24E0689D-95C0-4AAB-A93F-B8D6B7F0CB97}.Debug|x64.ActiveCfg = Debug|Any CPU
		{24E0689D-95C0-4AAB-A93F-B8D6B7F0CB97}.Debug|x86.ActiveCfg = Debug|Any CPU
		{24E0689D-95C0-4AAB-A93F-B8D6B7F0CB97}.Release Portable|Any CPU.ActiveCfg = Release|Any CPU
		{24E0689D-95C0-4AAB-A93F-B8D6B7F0CB97}.Release Portable|Any CPU.Build.0 = Release|Any CPU
		{24E0689D-95C0-4AAB-A93F-B8D6B7F0CB97}.Release Portable|Mixed Platforms.ActiveCfg = Release|Any CPU
		{24E0689D-95C0-4AAB-A93F-B8D6B7F0CB97}.Release Portable|Mixed Platforms.Build.0 = Release|Any CPU
		{24E0689D-95C0-4AAB-A93F-B8D6B7F0CB97}.Release Portable|x64.ActiveCfg = Release|Any CPU
		{24E0689D-95C0-4AAB-A93F-B8D6B7F0CB97}.Release Portable|x86.ActiveCfg = Release|Any CPU
		{24E0689D-95C0-4AAB-A93F-B8D6B7F0CB97}.Release|Any CPU.ActiveCfg = Release|Any CPU
		{24E0689D-95C0-4AAB-A93F-B8D6B7F0CB97}.Release|Any CPU.Build.0 = Release|Any CPU
		{24E0689D-95C0-4AAB-A93F-B8D6B7F0CB97}.Release|Mixed Platforms.ActiveCfg = Release|Any CPU
		{24E0689D-95C0-4AAB-A93F-B8D6B7F0CB97}.Release|Mixed Platforms.Build.0 = Release|Any CPU
		{24E0689D-95C0-4AAB-A93F-B8D6B7F0CB97}.Release|x64.ActiveCfg = Release|Any CPU
		{24E0689D-95C0-4AAB-A93F-B8D6B7F0CB97}.Release|x86.ActiveCfg = Release|Any CPU
		{24E0689D-95C0-4AAB-A93F-B8D6B7F0CB97}.StrongMagic|Any CPU.ActiveCfg = Release|Any CPU
		{24E0689D-95C0-4AAB-A93F-B8D6B7F0CB97}.StrongMagic|Any CPU.Build.0 = Release|Any CPU
		{24E0689D-95C0-4AAB-A93F-B8D6B7F0CB97}.StrongMagic|Mixed Platforms.ActiveCfg = Release|Any CPU
		{24E0689D-95C0-4AAB-A93F-B8D6B7F0CB97}.StrongMagic|Mixed Platforms.Build.0 = Release|Any CPU
		{24E0689D-95C0-4AAB-A93F-B8D6B7F0CB97}.StrongMagic|x64.ActiveCfg = Release|Any CPU
		{24E0689D-95C0-4AAB-A93F-B8D6B7F0CB97}.StrongMagic|x86.ActiveCfg = Release|Any CPU
		{0F615504-5F30-4CF2-8341-1DE7FEC95A23}.Debug Portable|Any CPU.ActiveCfg = Debug|Any CPU
		{0F615504-5F30-4CF2-8341-1DE7FEC95A23}.Debug Portable|Any CPU.Build.0 = Debug|Any CPU
		{0F615504-5F30-4CF2-8341-1DE7FEC95A23}.Debug Portable|Mixed Platforms.ActiveCfg = Debug|Any CPU
		{0F615504-5F30-4CF2-8341-1DE7FEC95A23}.Debug Portable|Mixed Platforms.Build.0 = Debug|Any CPU
		{0F615504-5F30-4CF2-8341-1DE7FEC95A23}.Debug Portable|x64.ActiveCfg = Debug|Any CPU
		{0F615504-5F30-4CF2-8341-1DE7FEC95A23}.Debug Portable|x86.ActiveCfg = Debug|Any CPU
		{0F615504-5F30-4CF2-8341-1DE7FEC95A23}.Debug|Any CPU.ActiveCfg = Debug|Any CPU
		{0F615504-5F30-4CF2-8341-1DE7FEC95A23}.Debug|Any CPU.Build.0 = Debug|Any CPU
		{0F615504-5F30-4CF2-8341-1DE7FEC95A23}.Debug|Mixed Platforms.ActiveCfg = Debug|Any CPU
		{0F615504-5F30-4CF2-8341-1DE7FEC95A23}.Debug|Mixed Platforms.Build.0 = Debug|Any CPU
		{0F615504-5F30-4CF2-8341-1DE7FEC95A23}.Debug|x64.ActiveCfg = Debug|Any CPU
		{0F615504-5F30-4CF2-8341-1DE7FEC95A23}.Debug|x86.ActiveCfg = Debug|Any CPU
		{0F615504-5F30-4CF2-8341-1DE7FEC95A23}.Release Portable|Any CPU.ActiveCfg = Release|Any CPU
		{0F615504-5F30-4CF2-8341-1DE7FEC95A23}.Release Portable|Any CPU.Build.0 = Release|Any CPU
		{0F615504-5F30-4CF2-8341-1DE7FEC95A23}.Release Portable|Mixed Platforms.ActiveCfg = Release|Any CPU
		{0F615504-5F30-4CF2-8341-1DE7FEC95A23}.Release Portable|Mixed Platforms.Build.0 = Release|Any CPU
		{0F615504-5F30-4CF2-8341-1DE7FEC95A23}.Release Portable|x64.ActiveCfg = Release|Any CPU
		{0F615504-5F30-4CF2-8341-1DE7FEC95A23}.Release Portable|x86.ActiveCfg = Release|Any CPU
		{0F615504-5F30-4CF2-8341-1DE7FEC95A23}.Release|Any CPU.ActiveCfg = Release|Any CPU
		{0F615504-5F30-4CF2-8341-1DE7FEC95A23}.Release|Any CPU.Build.0 = Release|Any CPU
		{0F615504-5F30-4CF2-8341-1DE7FEC95A23}.Release|Mixed Platforms.ActiveCfg = Release|Any CPU
		{0F615504-5F30-4CF2-8341-1DE7FEC95A23}.Release|Mixed Platforms.Build.0 = Release|Any CPU
		{0F615504-5F30-4CF2-8341-1DE7FEC95A23}.Release|x64.ActiveCfg = Release|Any CPU
		{0F615504-5F30-4CF2-8341-1DE7FEC95A23}.Release|x86.ActiveCfg = Release|Any CPU
		{0F615504-5F30-4CF2-8341-1DE7FEC95A23}.StrongMagic|Any CPU.ActiveCfg = Release|Any CPU
		{0F615504-5F30-4CF2-8341-1DE7FEC95A23}.StrongMagic|Any CPU.Build.0 = Release|Any CPU
		{0F615504-5F30-4CF2-8341-1DE7FEC95A23}.StrongMagic|Mixed Platforms.ActiveCfg = Release|Any CPU
		{0F615504-5F30-4CF2-8341-1DE7FEC95A23}.StrongMagic|Mixed Platforms.Build.0 = Release|Any CPU
		{0F615504-5F30-4CF2-8341-1DE7FEC95A23}.StrongMagic|x64.ActiveCfg = Release|Any CPU
		{0F615504-5F30-4CF2-8341-1DE7FEC95A23}.StrongMagic|x86.ActiveCfg = Release|Any CPU
		{A55848CC-10E7-40CB-ADDB-04740B16DD43}.Debug Portable|Any CPU.ActiveCfg = Debug|x86
		{A55848CC-10E7-40CB-ADDB-04740B16DD43}.Debug Portable|Mixed Platforms.ActiveCfg = Debug|x86
		{A55848CC-10E7-40CB-ADDB-04740B16DD43}.Debug Portable|Mixed Platforms.Build.0 = Debug|x86
		{A55848CC-10E7-40CB-ADDB-04740B16DD43}.Debug Portable|x64.ActiveCfg = Debug|x64
		{A55848CC-10E7-40CB-ADDB-04740B16DD43}.Debug Portable|x64.Build.0 = Debug|x64
		{A55848CC-10E7-40CB-ADDB-04740B16DD43}.Debug Portable|x86.ActiveCfg = Debug|x86
		{A55848CC-10E7-40CB-ADDB-04740B16DD43}.Debug Portable|x86.Build.0 = Debug|x86
		{A55848CC-10E7-40CB-ADDB-04740B16DD43}.Debug|Any CPU.ActiveCfg = Debug|x86
		{A55848CC-10E7-40CB-ADDB-04740B16DD43}.Debug|Mixed Platforms.ActiveCfg = Debug|x86
		{A55848CC-10E7-40CB-ADDB-04740B16DD43}.Debug|Mixed Platforms.Build.0 = Debug|x86
		{A55848CC-10E7-40CB-ADDB-04740B16DD43}.Debug|x64.ActiveCfg = Debug|x64
		{A55848CC-10E7-40CB-ADDB-04740B16DD43}.Debug|x64.Build.0 = Debug|x64
		{A55848CC-10E7-40CB-ADDB-04740B16DD43}.Debug|x86.ActiveCfg = Debug|x86
		{A55848CC-10E7-40CB-ADDB-04740B16DD43}.Debug|x86.Build.0 = Debug|x86
		{A55848CC-10E7-40CB-ADDB-04740B16DD43}.Release Portable|Any CPU.ActiveCfg = Release|x86
		{A55848CC-10E7-40CB-ADDB-04740B16DD43}.Release Portable|Mixed Platforms.ActiveCfg = Release|x86
		{A55848CC-10E7-40CB-ADDB-04740B16DD43}.Release Portable|Mixed Platforms.Build.0 = Release|x86
		{A55848CC-10E7-40CB-ADDB-04740B16DD43}.Release Portable|x64.ActiveCfg = Release|x64
		{A55848CC-10E7-40CB-ADDB-04740B16DD43}.Release Portable|x64.Build.0 = Release|x64
		{A55848CC-10E7-40CB-ADDB-04740B16DD43}.Release Portable|x86.ActiveCfg = Release|x86
		{A55848CC-10E7-40CB-ADDB-04740B16DD43}.Release Portable|x86.Build.0 = Release|x86
		{A55848CC-10E7-40CB-ADDB-04740B16DD43}.Release|Any CPU.ActiveCfg = Release|x86
		{A55848CC-10E7-40CB-ADDB-04740B16DD43}.Release|Mixed Platforms.ActiveCfg = Release|x86
		{A55848CC-10E7-40CB-ADDB-04740B16DD43}.Release|Mixed Platforms.Build.0 = Release|x86
		{A55848CC-10E7-40CB-ADDB-04740B16DD43}.Release|x64.ActiveCfg = Release|x64
		{A55848CC-10E7-40CB-ADDB-04740B16DD43}.Release|x64.Build.0 = Release|x64
		{A55848CC-10E7-40CB-ADDB-04740B16DD43}.Release|x86.ActiveCfg = Release|x86
		{A55848CC-10E7-40CB-ADDB-04740B16DD43}.Release|x86.Build.0 = Release|x86
		{A55848CC-10E7-40CB-ADDB-04740B16DD43}.StrongMagic|Any CPU.ActiveCfg = Release|x86
		{A55848CC-10E7-40CB-ADDB-04740B16DD43}.StrongMagic|Mixed Platforms.ActiveCfg = Release|x86
		{A55848CC-10E7-40CB-ADDB-04740B16DD43}.StrongMagic|Mixed Platforms.Build.0 = Release|x86
		{A55848CC-10E7-40CB-ADDB-04740B16DD43}.StrongMagic|x64.ActiveCfg = Release|x64
		{A55848CC-10E7-40CB-ADDB-04740B16DD43}.StrongMagic|x64.Build.0 = Release|x64
		{A55848CC-10E7-40CB-ADDB-04740B16DD43}.StrongMagic|x86.ActiveCfg = Release|x86
		{A55848CC-10E7-40CB-ADDB-04740B16DD43}.StrongMagic|x86.Build.0 = Release|x86
		{C75532C4-765B-418E-B09B-46D36B2ABDB1}.Debug Portable|Any CPU.ActiveCfg = Debug|Any CPU
		{C75532C4-765B-418E-B09B-46D36B2ABDB1}.Debug Portable|Any CPU.Build.0 = Debug|Any CPU
		{C75532C4-765B-418E-B09B-46D36B2ABDB1}.Debug Portable|Mixed Platforms.ActiveCfg = Debug|Any CPU
		{C75532C4-765B-418E-B09B-46D36B2ABDB1}.Debug Portable|Mixed Platforms.Build.0 = Debug|Any CPU
		{C75532C4-765B-418E-B09B-46D36B2ABDB1}.Debug Portable|x64.ActiveCfg = Debug|Any CPU
		{C75532C4-765B-418E-B09B-46D36B2ABDB1}.Debug Portable|x86.ActiveCfg = Debug|Any CPU
		{C75532C4-765B-418E-B09B-46D36B2ABDB1}.Debug|Any CPU.ActiveCfg = Debug|Any CPU
		{C75532C4-765B-418E-B09B-46D36B2ABDB1}.Debug|Any CPU.Build.0 = Debug|Any CPU
		{C75532C4-765B-418E-B09B-46D36B2ABDB1}.Debug|Mixed Platforms.ActiveCfg = Debug|Any CPU
		{C75532C4-765B-418E-B09B-46D36B2ABDB1}.Debug|Mixed Platforms.Build.0 = Debug|Any CPU
		{C75532C4-765B-418E-B09B-46D36B2ABDB1}.Debug|x64.ActiveCfg = Debug|Any CPU
		{C75532C4-765B-418E-B09B-46D36B2ABDB1}.Debug|x86.ActiveCfg = Debug|Any CPU
		{C75532C4-765B-418E-B09B-46D36B2ABDB1}.Release Portable|Any CPU.ActiveCfg = Release|Any CPU
		{C75532C4-765B-418E-B09B-46D36B2ABDB1}.Release Portable|Any CPU.Build.0 = Release|Any CPU
		{C75532C4-765B-418E-B09B-46D36B2ABDB1}.Release Portable|Mixed Platforms.ActiveCfg = Release|Any CPU
		{C75532C4-765B-418E-B09B-46D36B2ABDB1}.Release Portable|Mixed Platforms.Build.0 = Release|Any CPU
		{C75532C4-765B-418E-B09B-46D36B2ABDB1}.Release Portable|x64.ActiveCfg = Release|Any CPU
		{C75532C4-765B-418E-B09B-46D36B2ABDB1}.Release Portable|x86.ActiveCfg = Release|Any CPU
		{C75532C4-765B-418E-B09B-46D36B2ABDB1}.Release|Any CPU.ActiveCfg = Release|Any CPU
		{C75532C4-765B-418E-B09B-46D36B2ABDB1}.Release|Any CPU.Build.0 = Release|Any CPU
		{C75532C4-765B-418E-B09B-46D36B2ABDB1}.Release|Mixed Platforms.ActiveCfg = Release|Any CPU
		{C75532C4-765B-418E-B09B-46D36B2ABDB1}.Release|Mixed Platforms.Build.0 = Release|Any CPU
		{C75532C4-765B-418E-B09B-46D36B2ABDB1}.Release|x64.ActiveCfg = Release|Any CPU
		{C75532C4-765B-418E-B09B-46D36B2ABDB1}.Release|x86.ActiveCfg = Release|Any CPU
		{C75532C4-765B-418E-B09B-46D36B2ABDB1}.StrongMagic|Any CPU.ActiveCfg = Release|Any CPU
		{C75532C4-765B-418E-B09B-46D36B2ABDB1}.StrongMagic|Any CPU.Build.0 = Release|Any CPU
		{C75532C4-765B-418E-B09B-46D36B2ABDB1}.StrongMagic|Mixed Platforms.ActiveCfg = Release|Any CPU
		{C75532C4-765B-418E-B09B-46D36B2ABDB1}.StrongMagic|Mixed Platforms.Build.0 = Release|Any CPU
		{C75532C4-765B-418E-B09B-46D36B2ABDB1}.StrongMagic|x64.ActiveCfg = Release|Any CPU
		{C75532C4-765B-418E-B09B-46D36B2ABDB1}.StrongMagic|x86.ActiveCfg = Release|Any CPU
		{F284392F-6873-4BE5-99BA-24793532D930}.Debug Portable|Any CPU.ActiveCfg = Debug|Any CPU
		{F284392F-6873-4BE5-99BA-24793532D930}.Debug Portable|Any CPU.Build.0 = Debug|Any CPU
		{F284392F-6873-4BE5-99BA-24793532D930}.Debug Portable|Mixed Platforms.ActiveCfg = Debug|Any CPU
		{F284392F-6873-4BE5-99BA-24793532D930}.Debug Portable|Mixed Platforms.Build.0 = Debug|Any CPU
		{F284392F-6873-4BE5-99BA-24793532D930}.Debug Portable|x64.ActiveCfg = Debug|Any CPU
		{F284392F-6873-4BE5-99BA-24793532D930}.Debug Portable|x86.ActiveCfg = Debug|Any CPU
		{F284392F-6873-4BE5-99BA-24793532D930}.Debug|Any CPU.ActiveCfg = Debug|Any CPU
		{F284392F-6873-4BE5-99BA-24793532D930}.Debug|Any CPU.Build.0 = Debug|Any CPU
		{F284392F-6873-4BE5-99BA-24793532D930}.Debug|Mixed Platforms.ActiveCfg = Debug|Any CPU
		{F284392F-6873-4BE5-99BA-24793532D930}.Debug|Mixed Platforms.Build.0 = Debug|Any CPU
		{F284392F-6873-4BE5-99BA-24793532D930}.Debug|x64.ActiveCfg = Debug|Any CPU
		{F284392F-6873-4BE5-99BA-24793532D930}.Debug|x86.ActiveCfg = Debug|Any CPU
		{F284392F-6873-4BE5-99BA-24793532D930}.Release Portable|Any CPU.ActiveCfg = Release|Any CPU
		{F284392F-6873-4BE5-99BA-24793532D930}.Release Portable|Any CPU.Build.0 = Release|Any CPU
		{F284392F-6873-4BE5-99BA-24793532D930}.Release Portable|Mixed Platforms.ActiveCfg = Release|Any CPU
		{F284392F-6873-4BE5-99BA-24793532D930}.Release Portable|Mixed Platforms.Build.0 = Release|Any CPU
		{F284392F-6873-4BE5-99BA-24793532D930}.Release Portable|x64.ActiveCfg = Release|Any CPU
		{F284392F-6873-4BE5-99BA-24793532D930}.Release Portable|x86.ActiveCfg = Release|Any CPU
		{F284392F-6873-4BE5-99BA-24793532D930}.Release|Any CPU.ActiveCfg = Release|Any CPU
		{F284392F-6873-4BE5-99BA-24793532D930}.Release|Any CPU.Build.0 = Release|Any CPU
		{F284392F-6873-4BE5-99BA-24793532D930}.Release|Mixed Platforms.ActiveCfg = Release|Any CPU
		{F284392F-6873-4BE5-99BA-24793532D930}.Release|Mixed Platforms.Build.0 = Release|Any CPU
		{F284392F-6873-4BE5-99BA-24793532D930}.Release|x64.ActiveCfg = Release|Any CPU
		{F284392F-6873-4BE5-99BA-24793532D930}.Release|x86.ActiveCfg = Release|Any CPU
		{F284392F-6873-4BE5-99BA-24793532D930}.StrongMagic|Any CPU.ActiveCfg = StrongMagic|Any CPU
		{F284392F-6873-4BE5-99BA-24793532D930}.StrongMagic|Any CPU.Build.0 = StrongMagic|Any CPU
		{F284392F-6873-4BE5-99BA-24793532D930}.StrongMagic|Mixed Platforms.ActiveCfg = StrongMagic|Any CPU
		{F284392F-6873-4BE5-99BA-24793532D930}.StrongMagic|Mixed Platforms.Build.0 = StrongMagic|Any CPU
		{F284392F-6873-4BE5-99BA-24793532D930}.StrongMagic|x64.ActiveCfg = StrongMagic|Any CPU
		{F284392F-6873-4BE5-99BA-24793532D930}.StrongMagic|x86.ActiveCfg = StrongMagic|Any CPU
		{D27CF69D-4681-492A-BE4D-D3D209104423}.Debug Portable|Any CPU.ActiveCfg = Debug|Any CPU
		{D27CF69D-4681-492A-BE4D-D3D209104423}.Debug Portable|Any CPU.Build.0 = Debug|Any CPU
		{D27CF69D-4681-492A-BE4D-D3D209104423}.Debug Portable|Mixed Platforms.ActiveCfg = Debug|Any CPU
		{D27CF69D-4681-492A-BE4D-D3D209104423}.Debug Portable|Mixed Platforms.Build.0 = Debug|Any CPU
		{D27CF69D-4681-492A-BE4D-D3D209104423}.Debug Portable|x64.ActiveCfg = Debug|Any CPU
		{D27CF69D-4681-492A-BE4D-D3D209104423}.Debug Portable|x86.ActiveCfg = Debug|Any CPU
		{D27CF69D-4681-492A-BE4D-D3D209104423}.Debug|Any CPU.ActiveCfg = Debug|Any CPU
		{D27CF69D-4681-492A-BE4D-D3D209104423}.Debug|Any CPU.Build.0 = Debug|Any CPU
		{D27CF69D-4681-492A-BE4D-D3D209104423}.Debug|Mixed Platforms.ActiveCfg = Debug|Any CPU
		{D27CF69D-4681-492A-BE4D-D3D209104423}.Debug|Mixed Platforms.Build.0 = Debug|Any CPU
		{D27CF69D-4681-492A-BE4D-D3D209104423}.Debug|x64.ActiveCfg = Debug|Any CPU
		{D27CF69D-4681-492A-BE4D-D3D209104423}.Debug|x86.ActiveCfg = Debug|Any CPU
		{D27CF69D-4681-492A-BE4D-D3D209104423}.Release Portable|Any CPU.ActiveCfg = Release|Any CPU
		{D27CF69D-4681-492A-BE4D-D3D209104423}.Release Portable|Any CPU.Build.0 = Release|Any CPU
		{D27CF69D-4681-492A-BE4D-D3D209104423}.Release Portable|Mixed Platforms.ActiveCfg = Release|Any CPU
		{D27CF69D-4681-492A-BE4D-D3D209104423}.Release Portable|Mixed Platforms.Build.0 = Release|Any CPU
		{D27CF69D-4681-492A-BE4D-D3D209104423}.Release Portable|x64.ActiveCfg = Release|Any CPU
		{D27CF69D-4681-492A-BE4D-D3D209104423}.Release Portable|x86.ActiveCfg = Release|Any CPU
		{D27CF69D-4681-492A-BE4D-D3D209104423}.Release|Any CPU.ActiveCfg = Release|Any CPU
		{D27CF69D-4681-492A-BE4D-D3D209104423}.Release|Any CPU.Build.0 = Release|Any CPU
		{D27CF69D-4681-492A-BE4D-D3D209104423}.Release|Mixed Platforms.ActiveCfg = Release|Any CPU
		{D27CF69D-4681-492A-BE4D-D3D209104423}.Release|Mixed Platforms.Build.0 = Release|Any CPU
		{D27CF69D-4681-492A-BE4D-D3D209104423}.Release|x64.ActiveCfg = Release|Any CPU
		{D27CF69D-4681-492A-BE4D-D3D209104423}.Release|x86.ActiveCfg = Release|Any CPU
		{D27CF69D-4681-492A-BE4D-D3D209104423}.StrongMagic|Any CPU.ActiveCfg = Release|Any CPU
		{D27CF69D-4681-492A-BE4D-D3D209104423}.StrongMagic|Any CPU.Build.0 = Release|Any CPU
		{D27CF69D-4681-492A-BE4D-D3D209104423}.StrongMagic|Mixed Platforms.ActiveCfg = Release|Any CPU
		{D27CF69D-4681-492A-BE4D-D3D209104423}.StrongMagic|Mixed Platforms.Build.0 = Release|Any CPU
		{D27CF69D-4681-492A-BE4D-D3D209104423}.StrongMagic|x64.ActiveCfg = Release|Any CPU
		{D27CF69D-4681-492A-BE4D-D3D209104423}.StrongMagic|x86.ActiveCfg = Release|Any CPU
		{51A5DB78-BDDF-466D-911D-FCD600413726}.Debug Portable|Any CPU.ActiveCfg = Debug|Any CPU
		{51A5DB78-BDDF-466D-911D-FCD600413726}.Debug Portable|Any CPU.Build.0 = Debug|Any CPU
		{51A5DB78-BDDF-466D-911D-FCD600413726}.Debug Portable|Mixed Platforms.ActiveCfg = Debug|Any CPU
		{51A5DB78-BDDF-466D-911D-FCD600413726}.Debug Portable|Mixed Platforms.Build.0 = Debug|Any CPU
		{51A5DB78-BDDF-466D-911D-FCD600413726}.Debug Portable|x64.ActiveCfg = Debug|Any CPU
		{51A5DB78-BDDF-466D-911D-FCD600413726}.Debug Portable|x86.ActiveCfg = Debug|Any CPU
		{51A5DB78-BDDF-466D-911D-FCD600413726}.Debug|Any CPU.ActiveCfg = Debug|Any CPU
		{51A5DB78-BDDF-466D-911D-FCD600413726}.Debug|Any CPU.Build.0 = Debug|Any CPU
		{51A5DB78-BDDF-466D-911D-FCD600413726}.Debug|Mixed Platforms.ActiveCfg = Debug|Any CPU
		{51A5DB78-BDDF-466D-911D-FCD600413726}.Debug|Mixed Platforms.Build.0 = Debug|Any CPU
		{51A5DB78-BDDF-466D-911D-FCD600413726}.Debug|x64.ActiveCfg = Debug|Any CPU
		{51A5DB78-BDDF-466D-911D-FCD600413726}.Debug|x86.ActiveCfg = Debug|Any CPU
		{51A5DB78-BDDF-466D-911D-FCD600413726}.Release Portable|Any CPU.ActiveCfg = Release|Any CPU
		{51A5DB78-BDDF-466D-911D-FCD600413726}.Release Portable|Any CPU.Build.0 = Release|Any CPU
		{51A5DB78-BDDF-466D-911D-FCD600413726}.Release Portable|Mixed Platforms.ActiveCfg = Release|Any CPU
		{51A5DB78-BDDF-466D-911D-FCD600413726}.Release Portable|Mixed Platforms.Build.0 = Release|Any CPU
		{51A5DB78-BDDF-466D-911D-FCD600413726}.Release Portable|x64.ActiveCfg = Release|Any CPU
		{51A5DB78-BDDF-466D-911D-FCD600413726}.Release Portable|x86.ActiveCfg = Release|Any CPU
		{51A5DB78-BDDF-466D-911D-FCD600413726}.Release|Any CPU.ActiveCfg = Release|Any CPU
		{51A5DB78-BDDF-466D-911D-FCD600413726}.Release|Any CPU.Build.0 = Release|Any CPU
		{51A5DB78-BDDF-466D-911D-FCD600413726}.Release|Mixed Platforms.ActiveCfg = Release|Any CPU
		{51A5DB78-BDDF-466D-911D-FCD600413726}.Release|Mixed Platforms.Build.0 = Release|Any CPU
		{51A5DB78-BDDF-466D-911D-FCD600413726}.Release|x64.ActiveCfg = Release|Any CPU
		{51A5DB78-BDDF-466D-911D-FCD600413726}.Release|x86.ActiveCfg = Release|Any CPU
		{51A5DB78-BDDF-466D-911D-FCD600413726}.StrongMagic|Any CPU.ActiveCfg = Release|Any CPU
		{51A5DB78-BDDF-466D-911D-FCD600413726}.StrongMagic|Any CPU.Build.0 = Release|Any CPU
		{51A5DB78-BDDF-466D-911D-FCD600413726}.StrongMagic|Mixed Platforms.ActiveCfg = Release|Any CPU
		{51A5DB78-BDDF-466D-911D-FCD600413726}.StrongMagic|Mixed Platforms.Build.0 = Release|Any CPU
		{51A5DB78-BDDF-466D-911D-FCD600413726}.StrongMagic|x64.ActiveCfg = Release|Any CPU
		{51A5DB78-BDDF-466D-911D-FCD600413726}.StrongMagic|x86.ActiveCfg = Release|Any CPU
		{C74B67EE-E6E9-40BE-A76E-434EF1B4C78A}.Debug Portable|Any CPU.ActiveCfg = Debug|Any CPU
		{C74B67EE-E6E9-40BE-A76E-434EF1B4C78A}.Debug Portable|Any CPU.Build.0 = Debug|Any CPU
		{C74B67EE-E6E9-40BE-A76E-434EF1B4C78A}.Debug Portable|Mixed Platforms.ActiveCfg = Debug|Any CPU
		{C74B67EE-E6E9-40BE-A76E-434EF1B4C78A}.Debug Portable|Mixed Platforms.Build.0 = Debug|Any CPU
		{C74B67EE-E6E9-40BE-A76E-434EF1B4C78A}.Debug Portable|x64.ActiveCfg = Debug|x64
		{C74B67EE-E6E9-40BE-A76E-434EF1B4C78A}.Debug Portable|x64.Build.0 = Debug|x64
		{C74B67EE-E6E9-40BE-A76E-434EF1B4C78A}.Debug Portable|x86.ActiveCfg = Debug|Any CPU
		{C74B67EE-E6E9-40BE-A76E-434EF1B4C78A}.Debug|Any CPU.ActiveCfg = Debug|Any CPU
		{C74B67EE-E6E9-40BE-A76E-434EF1B4C78A}.Debug|Any CPU.Build.0 = Debug|Any CPU
		{C74B67EE-E6E9-40BE-A76E-434EF1B4C78A}.Debug|Mixed Platforms.ActiveCfg = Debug|Any CPU
		{C74B67EE-E6E9-40BE-A76E-434EF1B4C78A}.Debug|Mixed Platforms.Build.0 = Debug|Any CPU
		{C74B67EE-E6E9-40BE-A76E-434EF1B4C78A}.Debug|x64.ActiveCfg = Debug|x64
		{C74B67EE-E6E9-40BE-A76E-434EF1B4C78A}.Debug|x64.Build.0 = Debug|x64
		{C74B67EE-E6E9-40BE-A76E-434EF1B4C78A}.Debug|x86.ActiveCfg = Debug|Any CPU
		{C74B67EE-E6E9-40BE-A76E-434EF1B4C78A}.Release Portable|Any CPU.ActiveCfg = Release|Any CPU
		{C74B67EE-E6E9-40BE-A76E-434EF1B4C78A}.Release Portable|Any CPU.Build.0 = Release|Any CPU
		{C74B67EE-E6E9-40BE-A76E-434EF1B4C78A}.Release Portable|Mixed Platforms.ActiveCfg = Release|Any CPU
		{C74B67EE-E6E9-40BE-A76E-434EF1B4C78A}.Release Portable|Mixed Platforms.Build.0 = Release|Any CPU
		{C74B67EE-E6E9-40BE-A76E-434EF1B4C78A}.Release Portable|x64.ActiveCfg = Release|x64
		{C74B67EE-E6E9-40BE-A76E-434EF1B4C78A}.Release Portable|x64.Build.0 = Release|x64
		{C74B67EE-E6E9-40BE-A76E-434EF1B4C78A}.Release Portable|x86.ActiveCfg = Release|Any CPU
		{C74B67EE-E6E9-40BE-A76E-434EF1B4C78A}.Release|Any CPU.ActiveCfg = Release|Any CPU
		{C74B67EE-E6E9-40BE-A76E-434EF1B4C78A}.Release|Any CPU.Build.0 = Release|Any CPU
		{C74B67EE-E6E9-40BE-A76E-434EF1B4C78A}.Release|Mixed Platforms.ActiveCfg = Release|Any CPU
		{C74B67EE-E6E9-40BE-A76E-434EF1B4C78A}.Release|Mixed Platforms.Build.0 = Release|Any CPU
		{C74B67EE-E6E9-40BE-A76E-434EF1B4C78A}.Release|x64.ActiveCfg = Release|x64
		{C74B67EE-E6E9-40BE-A76E-434EF1B4C78A}.Release|x64.Build.0 = Release|x64
		{C74B67EE-E6E9-40BE-A76E-434EF1B4C78A}.Release|x86.ActiveCfg = Release|Any CPU
		{C74B67EE-E6E9-40BE-A76E-434EF1B4C78A}.StrongMagic|Any CPU.ActiveCfg = Release|Any CPU
		{C74B67EE-E6E9-40BE-A76E-434EF1B4C78A}.StrongMagic|Any CPU.Build.0 = Release|Any CPU
		{C74B67EE-E6E9-40BE-A76E-434EF1B4C78A}.StrongMagic|Mixed Platforms.ActiveCfg = Release|Any CPU
		{C74B67EE-E6E9-40BE-A76E-434EF1B4C78A}.StrongMagic|Mixed Platforms.Build.0 = Release|Any CPU
		{C74B67EE-E6E9-40BE-A76E-434EF1B4C78A}.StrongMagic|x64.ActiveCfg = Release|x64
		{C74B67EE-E6E9-40BE-A76E-434EF1B4C78A}.StrongMagic|x64.Build.0 = Release|x64
		{C74B67EE-E6E9-40BE-A76E-434EF1B4C78A}.StrongMagic|x86.ActiveCfg = Release|Any CPU
		{0253E98B-6374-48AA-8740-89BC2939FF77}.Debug Portable|Any CPU.ActiveCfg = Debug|Any CPU
		{0253E98B-6374-48AA-8740-89BC2939FF77}.Debug Portable|Any CPU.Build.0 = Debug|Any CPU
		{0253E98B-6374-48AA-8740-89BC2939FF77}.Debug Portable|Mixed Platforms.ActiveCfg = Debug|Any CPU
		{0253E98B-6374-48AA-8740-89BC2939FF77}.Debug Portable|Mixed Platforms.Build.0 = Debug|Any CPU
		{0253E98B-6374-48AA-8740-89BC2939FF77}.Debug Portable|x64.ActiveCfg = Debug|x64
		{0253E98B-6374-48AA-8740-89BC2939FF77}.Debug Portable|x64.Build.0 = Debug|x64
		{0253E98B-6374-48AA-8740-89BC2939FF77}.Debug Portable|x86.ActiveCfg = Debug|Any CPU
		{0253E98B-6374-48AA-8740-89BC2939FF77}.Debug|Any CPU.ActiveCfg = Debug|Any CPU
		{0253E98B-6374-48AA-8740-89BC2939FF77}.Debug|Any CPU.Build.0 = Debug|Any CPU
		{0253E98B-6374-48AA-8740-89BC2939FF77}.Debug|Mixed Platforms.ActiveCfg = Debug|Any CPU
		{0253E98B-6374-48AA-8740-89BC2939FF77}.Debug|Mixed Platforms.Build.0 = Debug|Any CPU
		{0253E98B-6374-48AA-8740-89BC2939FF77}.Debug|x64.ActiveCfg = Debug|x64
		{0253E98B-6374-48AA-8740-89BC2939FF77}.Debug|x64.Build.0 = Debug|x64
		{0253E98B-6374-48AA-8740-89BC2939FF77}.Debug|x86.ActiveCfg = Debug|Any CPU
		{0253E98B-6374-48AA-8740-89BC2939FF77}.Release Portable|Any CPU.ActiveCfg = Release|Any CPU
		{0253E98B-6374-48AA-8740-89BC2939FF77}.Release Portable|Any CPU.Build.0 = Release|Any CPU
		{0253E98B-6374-48AA-8740-89BC2939FF77}.Release Portable|Mixed Platforms.ActiveCfg = Release|Any CPU
		{0253E98B-6374-48AA-8740-89BC2939FF77}.Release Portable|Mixed Platforms.Build.0 = Release|Any CPU
		{0253E98B-6374-48AA-8740-89BC2939FF77}.Release Portable|x64.ActiveCfg = Release|x64
		{0253E98B-6374-48AA-8740-89BC2939FF77}.Release Portable|x64.Build.0 = Release|x64
		{0253E98B-6374-48AA-8740-89BC2939FF77}.Release Portable|x86.ActiveCfg = Release|Any CPU
		{0253E98B-6374-48AA-8740-89BC2939FF77}.Release|Any CPU.ActiveCfg = Release|Any CPU
		{0253E98B-6374-48AA-8740-89BC2939FF77}.Release|Any CPU.Build.0 = Release|Any CPU
		{0253E98B-6374-48AA-8740-89BC2939FF77}.Release|Mixed Platforms.ActiveCfg = Release|Any CPU
		{0253E98B-6374-48AA-8740-89BC2939FF77}.Release|Mixed Platforms.Build.0 = Release|Any CPU
		{0253E98B-6374-48AA-8740-89BC2939FF77}.Release|x64.ActiveCfg = Release|x64
		{0253E98B-6374-48AA-8740-89BC2939FF77}.Release|x64.Build.0 = Release|x64
		{0253E98B-6374-48AA-8740-89BC2939FF77}.Release|x86.ActiveCfg = Release|Any CPU
		{0253E98B-6374-48AA-8740-89BC2939FF77}.StrongMagic|Any CPU.ActiveCfg = Release|Any CPU
		{0253E98B-6374-48AA-8740-89BC2939FF77}.StrongMagic|Any CPU.Build.0 = Release|Any CPU
		{0253E98B-6374-48AA-8740-89BC2939FF77}.StrongMagic|Mixed Platforms.ActiveCfg = Release|Any CPU
		{0253E98B-6374-48AA-8740-89BC2939FF77}.StrongMagic|Mixed Platforms.Build.0 = Release|Any CPU
		{0253E98B-6374-48AA-8740-89BC2939FF77}.StrongMagic|x64.ActiveCfg = Release|x64
		{0253E98B-6374-48AA-8740-89BC2939FF77}.StrongMagic|x64.Build.0 = Release|x64
		{0253E98B-6374-48AA-8740-89BC2939FF77}.StrongMagic|x86.ActiveCfg = Release|Any CPU
		{E0695F0F-0FAF-44BC-AE55-A1FCBFE70271}.Debug Portable|Any CPU.ActiveCfg = Debug|Any CPU
		{E0695F0F-0FAF-44BC-AE55-A1FCBFE70271}.Debug Portable|Any CPU.Build.0 = Debug|Any CPU
		{E0695F0F-0FAF-44BC-AE55-A1FCBFE70271}.Debug Portable|Mixed Platforms.ActiveCfg = Debug|Any CPU
		{E0695F0F-0FAF-44BC-AE55-A1FCBFE70271}.Debug Portable|Mixed Platforms.Build.0 = Debug|Any CPU
		{E0695F0F-0FAF-44BC-AE55-A1FCBFE70271}.Debug Portable|x64.ActiveCfg = Debug|Any CPU
		{E0695F0F-0FAF-44BC-AE55-A1FCBFE70271}.Debug Portable|x86.ActiveCfg = Debug|Any CPU
		{E0695F0F-0FAF-44BC-AE55-A1FCBFE70271}.Debug|Any CPU.ActiveCfg = Debug|Any CPU
		{E0695F0F-0FAF-44BC-AE55-A1FCBFE70271}.Debug|Any CPU.Build.0 = Debug|Any CPU
		{E0695F0F-0FAF-44BC-AE55-A1FCBFE70271}.Debug|Mixed Platforms.ActiveCfg = Debug|Any CPU
		{E0695F0F-0FAF-44BC-AE55-A1FCBFE70271}.Debug|Mixed Platforms.Build.0 = Debug|Any CPU
		{E0695F0F-0FAF-44BC-AE55-A1FCBFE70271}.Debug|x64.ActiveCfg = Debug|Any CPU
		{E0695F0F-0FAF-44BC-AE55-A1FCBFE70271}.Debug|x86.ActiveCfg = Debug|Any CPU
		{E0695F0F-0FAF-44BC-AE55-A1FCBFE70271}.Release Portable|Any CPU.ActiveCfg = Release|Any CPU
		{E0695F0F-0FAF-44BC-AE55-A1FCBFE70271}.Release Portable|Any CPU.Build.0 = Release|Any CPU
		{E0695F0F-0FAF-44BC-AE55-A1FCBFE70271}.Release Portable|Mixed Platforms.ActiveCfg = Release|Any CPU
		{E0695F0F-0FAF-44BC-AE55-A1FCBFE70271}.Release Portable|Mixed Platforms.Build.0 = Release|Any CPU
		{E0695F0F-0FAF-44BC-AE55-A1FCBFE70271}.Release Portable|x64.ActiveCfg = Release|Any CPU
		{E0695F0F-0FAF-44BC-AE55-A1FCBFE70271}.Release Portable|x86.ActiveCfg = Release|Any CPU
		{E0695F0F-0FAF-44BC-AE55-A1FCBFE70271}.Release|Any CPU.ActiveCfg = Release|Any CPU
		{E0695F0F-0FAF-44BC-AE55-A1FCBFE70271}.Release|Any CPU.Build.0 = Release|Any CPU
		{E0695F0F-0FAF-44BC-AE55-A1FCBFE70271}.Release|Mixed Platforms.ActiveCfg = Release|Any CPU
		{E0695F0F-0FAF-44BC-AE55-A1FCBFE70271}.Release|Mixed Platforms.Build.0 = Release|Any CPU
		{E0695F0F-0FAF-44BC-AE55-A1FCBFE70271}.Release|x64.ActiveCfg = Release|Any CPU
		{E0695F0F-0FAF-44BC-AE55-A1FCBFE70271}.Release|x86.ActiveCfg = Release|Any CPU
		{E0695F0F-0FAF-44BC-AE55-A1FCBFE70271}.StrongMagic|Any CPU.ActiveCfg = Release|Any CPU
		{E0695F0F-0FAF-44BC-AE55-A1FCBFE70271}.StrongMagic|Any CPU.Build.0 = Release|Any CPU
		{E0695F0F-0FAF-44BC-AE55-A1FCBFE70271}.StrongMagic|Mixed Platforms.ActiveCfg = Release|Any CPU
		{E0695F0F-0FAF-44BC-AE55-A1FCBFE70271}.StrongMagic|Mixed Platforms.Build.0 = Release|Any CPU
		{E0695F0F-0FAF-44BC-AE55-A1FCBFE70271}.StrongMagic|x64.ActiveCfg = Release|Any CPU
		{E0695F0F-0FAF-44BC-AE55-A1FCBFE70271}.StrongMagic|x86.ActiveCfg = Release|Any CPU
		{181FE707-E161-4722-9F38-6AAAB6FAA106}.Debug Portable|Any CPU.ActiveCfg = Debug|Any CPU
		{181FE707-E161-4722-9F38-6AAAB6FAA106}.Debug Portable|Any CPU.Build.0 = Debug|Any CPU
		{181FE707-E161-4722-9F38-6AAAB6FAA106}.Debug Portable|Mixed Platforms.ActiveCfg = Debug|Any CPU
		{181FE707-E161-4722-9F38-6AAAB6FAA106}.Debug Portable|Mixed Platforms.Build.0 = Debug|Any CPU
		{181FE707-E161-4722-9F38-6AAAB6FAA106}.Debug Portable|x64.ActiveCfg = Debug|Any CPU
		{181FE707-E161-4722-9F38-6AAAB6FAA106}.Debug Portable|x86.ActiveCfg = Debug|Any CPU
		{181FE707-E161-4722-9F38-6AAAB6FAA106}.Debug|Any CPU.ActiveCfg = Debug|Any CPU
		{181FE707-E161-4722-9F38-6AAAB6FAA106}.Debug|Any CPU.Build.0 = Debug|Any CPU
		{181FE707-E161-4722-9F38-6AAAB6FAA106}.Debug|Mixed Platforms.ActiveCfg = Debug|Any CPU
		{181FE707-E161-4722-9F38-6AAAB6FAA106}.Debug|Mixed Platforms.Build.0 = Debug|Any CPU
		{181FE707-E161-4722-9F38-6AAAB6FAA106}.Debug|x64.ActiveCfg = Debug|Any CPU
		{181FE707-E161-4722-9F38-6AAAB6FAA106}.Debug|x86.ActiveCfg = Debug|Any CPU
		{181FE707-E161-4722-9F38-6AAAB6FAA106}.Release Portable|Any CPU.ActiveCfg = Release|Any CPU
		{181FE707-E161-4722-9F38-6AAAB6FAA106}.Release Portable|Any CPU.Build.0 = Release|Any CPU
		{181FE707-E161-4722-9F38-6AAAB6FAA106}.Release Portable|Mixed Platforms.ActiveCfg = Release|Any CPU
		{181FE707-E161-4722-9F38-6AAAB6FAA106}.Release Portable|Mixed Platforms.Build.0 = Release|Any CPU
		{181FE707-E161-4722-9F38-6AAAB6FAA106}.Release Portable|x64.ActiveCfg = Release|Any CPU
		{181FE707-E161-4722-9F38-6AAAB6FAA106}.Release Portable|x86.ActiveCfg = Release|Any CPU
		{181FE707-E161-4722-9F38-6AAAB6FAA106}.Release|Any CPU.ActiveCfg = Release|Any CPU
		{181FE707-E161-4722-9F38-6AAAB6FAA106}.Release|Any CPU.Build.0 = Release|Any CPU
		{181FE707-E161-4722-9F38-6AAAB6FAA106}.Release|Mixed Platforms.ActiveCfg = Release|Any CPU
		{181FE707-E161-4722-9F38-6AAAB6FAA106}.Release|Mixed Platforms.Build.0 = Release|Any CPU
		{181FE707-E161-4722-9F38-6AAAB6FAA106}.Release|x64.ActiveCfg = Release|Any CPU
		{181FE707-E161-4722-9F38-6AAAB6FAA106}.Release|x86.ActiveCfg = Release|Any CPU
		{181FE707-E161-4722-9F38-6AAAB6FAA106}.StrongMagic|Any CPU.ActiveCfg = Release|Any CPU
		{181FE707-E161-4722-9F38-6AAAB6FAA106}.StrongMagic|Any CPU.Build.0 = Release|Any CPU
		{181FE707-E161-4722-9F38-6AAAB6FAA106}.StrongMagic|Mixed Platforms.ActiveCfg = Release|Any CPU
		{181FE707-E161-4722-9F38-6AAAB6FAA106}.StrongMagic|Mixed Platforms.Build.0 = Release|Any CPU
		{181FE707-E161-4722-9F38-6AAAB6FAA106}.StrongMagic|x64.ActiveCfg = Release|Any CPU
		{181FE707-E161-4722-9F38-6AAAB6FAA106}.StrongMagic|x86.ActiveCfg = Release|Any CPU
	EndGlobalSection
	GlobalSection(SolutionProperties) = preSolution
		HideSolutionNode = FALSE
	EndGlobalSection
	GlobalSection(TestCaseManagementSettings) = postSolution
		CategoryFile = mRemoteV1.vsmdi
	EndGlobalSection
EndGlobal
