
Microsoft Visual Studio Solution File, Format Version 12.00
# Visual Studio Version 17
VisualStudioVersion = 17.0.31912.275
MinimumVisualStudioVersion = 14.0.25420.1
Project("{9A19103F-16F7-4668-BE54-9A1E7A4F7556}") = "mRemoteNG", "mRemoteNG\mRemoteNG.csproj", "{4934A491-40BC-4E5B-9166-EA1169A220F6}"
EndProject
Project("{9A19103F-16F7-4668-BE54-9A1E7A4F7556}") = "ExternalConnectors", "ExternalConnectors\ExternalConnectors.csproj", "{A56A2029-79B8-492A-ABE5-D2BFE05801BD}"
EndProject
Project("{FAE04EC0-301F-11D3-BF4B-00C04F79EFBC}") = "ObjectListView.NetCore", "ObjectListView\ObjectListView.NetCore.csproj", "{5718734C-03AC-4954-89B1-1723CF03AF10}"
EndProject
Project("{FAE04EC0-301F-11D3-BF4B-00C04F79EFBC}") = "mRemoteNG.Plugins", "mRemoteNG.Plugins\mRemoteNG.Plugins.csproj", "{FE6B3C82-610C-4EFB-8317-BBB38DB09607}"
EndProject
Project("{FAE04EC0-301F-11D3-BF4B-00C04F79EFBC}") = "mRemoteNGTests", "mRemoteNGTests\mRemoteNGTests.csproj", "{8D1EFECC-B66C-4C1E-B3E4-D002A45ABE21}"
EndProject
Project("{FAE04EC0-301F-11D3-BF4B-00C04F79EFBC}") = "mRemoteNGSpecs", "mRemoteNGSpecs\mRemoteNGSpecs.csproj", "{B9A2FED3-3CBE-4FEB-B078-59A5AC6EB1E1}"
EndProject
Global
	GlobalSection(SolutionConfigurationPlatforms) = preSolution
		Debug|arm64 = Debug|arm64
		Debug|x64 = Debug|x64
		Debug|x86 = Debug|x86
		Debug|Any CPU = Debug|Any CPU
		Release Self-Contained|arm64 = Release Self-Contained|arm64
		Release Self-Contained|x64 = Release Self-Contained|x64
		Release Self-Contained|x86 = Release Self-Contained|x86
		Release Self-Contained|Any CPU = Release Self-Contained|Any CPU
		Release|arm64 = Release|arm64
		Release|x64 = Release|x64
		Release|x86 = Release|x86
		Release|Any CPU = Release|Any CPU
	EndGlobalSection
	GlobalSection(ProjectConfigurationPlatforms) = postSolution
		{4934A491-40BC-4E5B-9166-EA1169A220F6}.Debug|arm64.ActiveCfg = Debug|arm64
		{4934A491-40BC-4E5B-9166-EA1169A220F6}.Debug|arm64.Build.0 = Debug|arm64
		{4934A491-40BC-4E5B-9166-EA1169A220F6}.Debug|x64.ActiveCfg = Debug|x64
		{4934A491-40BC-4E5B-9166-EA1169A220F6}.Debug|x64.Build.0 = Debug|x64
		{4934A491-40BC-4E5B-9166-EA1169A220F6}.Debug|x86.ActiveCfg = Debug|x86
		{4934A491-40BC-4E5B-9166-EA1169A220F6}.Debug|x86.Build.0 = Debug|x86
		{4934A491-40BC-4E5B-9166-EA1169A220F6}.Debug|Any CPU.ActiveCfg = Debug|Any CPU
		{4934A491-40BC-4E5B-9166-EA1169A220F6}.Debug|Any CPU.Build.0 = Debug|Any CPU
		{4934A491-40BC-4E5B-9166-EA1169A220F6}.Release Self-Contained|arm64.ActiveCfg = Release Self-Contained|arm64
		{4934A491-40BC-4E5B-9166-EA1169A220F6}.Release Self-Contained|arm64.Build.0 = Release Self-Contained|arm64
		{4934A491-40BC-4E5B-9166-EA1169A220F6}.Release Self-Contained|x64.ActiveCfg = Release Self-Contained|x64
		{4934A491-40BC-4E5B-9166-EA1169A220F6}.Release Self-Contained|x64.Build.0 = Release Self-Contained|x64
		{4934A491-40BC-4E5B-9166-EA1169A220F6}.Release Self-Contained|Any CPU.ActiveCfg = Release Self-Contained|Any CPU
		{4934A491-40BC-4E5B-9166-EA1169A220F6}.Release Self-Contained|Any CPU.Build.0 = Release Self-Contained|Any CPU
		{4934A491-40BC-4E5B-9166-EA1169A220F6}.Release|arm64.ActiveCfg = Release|arm64
		{4934A491-40BC-4E5B-9166-EA1169A220F6}.Release|arm64.Build.0 = Release|arm64
		{4934A491-40BC-4E5B-9166-EA1169A220F6}.Release|x64.ActiveCfg = Release|x64
		{4934A491-40BC-4E5B-9166-EA1169A220F6}.Release|x64.Build.0 = Release|x64
		{4934A491-40BC-4E5B-9166-EA1169A220F6}.Release|x86.ActiveCfg = Release|x86
		{4934A491-40BC-4E5B-9166-EA1169A220F6}.Release|x86.Build.0 = Release|x86
		{4934A491-40BC-4E5B-9166-EA1169A220F6}.Release|Any CPU.ActiveCfg = Release|Any CPU
		{4934A491-40BC-4E5B-9166-EA1169A220F6}.Release|Any CPU.Build.0 = Release|Any CPU
		{A56A2029-79B8-492A-ABE5-D2BFE05801BD}.Debug|arm64.ActiveCfg = Debug|arm64
		{A56A2029-79B8-492A-ABE5-D2BFE05801BD}.Debug|arm64.Build.0 = Debug|arm64
		{A56A2029-79B8-492A-ABE5-D2BFE05801BD}.Debug|x64.ActiveCfg = Debug|x64
		{A56A2029-79B8-492A-ABE5-D2BFE05801BD}.Debug|x64.Build.0 = Debug|x64
		{A56A2029-79B8-492A-ABE5-D2BFE05801BD}.Debug|x86.ActiveCfg = Debug|x86
		{A56A2029-79B8-492A-ABE5-D2BFE05801BD}.Debug|x86.Build.0 = Debug|x86
		{A56A2029-79B8-492A-ABE5-D2BFE05801BD}.Debug|Any CPU.ActiveCfg = Debug|Any CPU
		{A56A2029-79B8-492A-ABE5-D2BFE05801BD}.Debug|Any CPU.Build.0 = Debug|Any CPU
		{A56A2029-79B8-492A-ABE5-D2BFE05801BD}.Release Self-Contained|arm64.ActiveCfg = Release Self-Contained|arm64
		{A56A2029-79B8-492A-ABE5-D2BFE05801BD}.Release Self-Contained|arm64.Build.0 = Release Self-Contained|arm64
		{A56A2029-79B8-492A-ABE5-D2BFE05801BD}.Release Self-Contained|x64.ActiveCfg = Release Self-Contained|x64
		{A56A2029-79B8-492A-ABE5-D2BFE05801BD}.Release Self-Contained|x64.Build.0 = Release Self-Contained|x64
		{A56A2029-79B8-492A-ABE5-D2BFE05801BD}.Release Self-Contained|Any CPU.ActiveCfg = Release Self-Contained|Any CPU
		{A56A2029-79B8-492A-ABE5-D2BFE05801BD}.Release Self-Contained|Any CPU.Build.0 = Release Self-Contained|Any CPU
		{A56A2029-79B8-492A-ABE5-D2BFE05801BD}.Release|arm64.ActiveCfg = Release|arm64
		{A56A2029-79B8-492A-ABE5-D2BFE05801BD}.Release|arm64.Build.0 = Release|arm64
		{A56A2029-79B8-492A-ABE5-D2BFE05801BD}.Release|x64.ActiveCfg = Release|x64
		{A56A2029-79B8-492A-ABE5-D2BFE05801BD}.Release|x64.Build.0 = Release|x64
		{A56A2029-79B8-492A-ABE5-D2BFE05801BD}.Release|x86.ActiveCfg = Release|x86
		{A56A2029-79B8-492A-ABE5-D2BFE05801BD}.Release|x86.Build.0 = Release|x86
		{A56A2029-79B8-492A-ABE5-D2BFE05801BD}.Release|Any CPU.ActiveCfg = Release|Any CPU
		{A56A2029-79B8-492A-ABE5-D2BFE05801BD}.Release|Any CPU.Build.0 = Release|Any CPU
		{5718734C-03AC-4954-89B1-1723CF03AF10}.Debug|arm64.ActiveCfg = Debug|Any CPU
		{5718734C-03AC-4954-89B1-1723CF03AF10}.Debug|arm64.Build.0 = Debug|Any CPU
		{5718734C-03AC-4954-89B1-1723CF03AF10}.Debug|x64.ActiveCfg = Debug|Any CPU
		{5718734C-03AC-4954-89B1-1723CF03AF10}.Debug|x64.Build.0 = Debug|Any CPU
		{5718734C-03AC-4954-89B1-1723CF03AF10}.Debug|x86.ActiveCfg = Debug|Any CPU
		{5718734C-03AC-4954-89B1-1723CF03AF10}.Debug|x86.Build.0 = Debug|Any CPU
		{5718734C-03AC-4954-89B1-1723CF03AF10}.Debug|Any CPU.ActiveCfg = Debug|Any CPU
		{5718734C-03AC-4954-89B1-1723CF03AF10}.Debug|Any CPU.Build.0 = Debug|Any CPU
		{5718734C-03AC-4954-89B1-1723CF03AF10}.Release Self-Contained|arm64.ActiveCfg = Release|Any CPU
		{5718734C-03AC-4954-89B1-1723CF03AF10}.Release Self-Contained|arm64.Build.0 = Release|Any CPU
		{5718734C-03AC-4954-89B1-1723CF03AF10}.Release Self-Contained|x64.ActiveCfg = Release|Any CPU
		{5718734C-03AC-4954-89B1-1723CF03AF10}.Release Self-Contained|x64.Build.0 = Release|Any CPU
		{5718734C-03AC-4954-89B1-1723CF03AF10}.Release Self-Contained|Any CPU.ActiveCfg = Release Self-Contained|Any CPU
		{5718734C-03AC-4954-89B1-1723CF03AF10}.Release Self-Contained|Any CPU.Build.0 = Release Self-Contained|Any CPU
		{5718734C-03AC-4954-89B1-1723CF03AF10}.Release|arm64.ActiveCfg = Release|Any CPU
		{5718734C-03AC-4954-89B1-1723CF03AF10}.Release|arm64.Build.0 = Release|Any CPU
		{5718734C-03AC-4954-89B1-1723CF03AF10}.Release|x64.ActiveCfg = Release|Any CPU
		{5718734C-03AC-4954-89B1-1723CF03AF10}.Release|x64.Build.0 = Release|Any CPU
		{5718734C-03AC-4954-89B1-1723CF03AF10}.Release|x86.ActiveCfg = Release|Any CPU
		{5718734C-03AC-4954-89B1-1723CF03AF10}.Release|x86.Build.0 = Release|Any CPU
		{5718734C-03AC-4954-89B1-1723CF03AF10}.Release|Any CPU.ActiveCfg = Release|Any CPU
		{5718734C-03AC-4954-89B1-1723CF03AF10}.Release|Any CPU.Build.0 = Release|Any CPU
		{FE6B3C82-610C-4EFB-8317-BBB38DB09607}.Debug|arm64.ActiveCfg = Debug|Any CPU
		{FE6B3C82-610C-4EFB-8317-BBB38DB09607}.Debug|arm64.Build.0 = Debug|Any CPU
		{FE6B3C82-610C-4EFB-8317-BBB38DB09607}.Debug|x64.ActiveCfg = Debug|Any CPU
		{FE6B3C82-610C-4EFB-8317-BBB38DB09607}.Debug|x64.Build.0 = Debug|Any CPU
		{FE6B3C82-610C-4EFB-8317-BBB38DB09607}.Debug|x86.ActiveCfg = Debug|Any CPU
		{FE6B3C82-610C-4EFB-8317-BBB38DB09607}.Debug|x86.Build.0 = Debug|Any CPU
		{FE6B3C82-610C-4EFB-8317-BBB38DB09607}.Debug|Any CPU.ActiveCfg = Debug|Any CPU
		{FE6B3C82-610C-4EFB-8317-BBB38DB09607}.Debug|Any CPU.Build.0 = Debug|Any CPU
		{FE6B3C82-610C-4EFB-8317-BBB38DB09607}.Release Self-Contained|arm64.ActiveCfg = Release|Any CPU
		{FE6B3C82-610C-4EFB-8317-BBB38DB09607}.Release Self-Contained|arm64.Build.0 = Release|Any CPU
		{FE6B3C82-610C-4EFB-8317-BBB38DB09607}.Release Self-Contained|x64.ActiveCfg = Release|Any CPU
		{FE6B3C82-610C-4EFB-8317-BBB38DB09607}.Release Self-Contained|x64.Build.0 = Release|Any CPU
		{FE6B3C82-610C-4EFB-8317-BBB38DB09607}.Release Self-Contained|Any CPU.ActiveCfg = Release Self-Contained|Any CPU
		{FE6B3C82-610C-4EFB-8317-BBB38DB09607}.Release Self-Contained|Any CPU.Build.0 = Release Self-Contained|Any CPU
		{FE6B3C82-610C-4EFB-8317-BBB38DB09607}.Release|arm64.ActiveCfg = Release|Any CPU
		{FE6B3C82-610C-4EFB-8317-BBB38DB09607}.Release|arm64.Build.0 = Release|Any CPU
		{FE6B3C82-610C-4EFB-8317-BBB38DB09607}.Release|x64.ActiveCfg = Release|Any CPU
		{FE6B3C82-610C-4EFB-8317-BBB38DB09607}.Release|x64.Build.0 = Release|Any CPU
		{FE6B3C82-610C-4EFB-8317-BBB38DB09607}.Release|x86.ActiveCfg = Release|Any CPU
		{FE6B3C82-610C-4EFB-8317-BBB38DB09607}.Release|x86.Build.0 = Release|Any CPU
		{FE6B3C82-610C-4EFB-8317-BBB38DB09607}.Release|Any CPU.ActiveCfg = Release|Any CPU
		{FE6B3C82-610C-4EFB-8317-BBB38DB09607}.Release|Any CPU.Build.0 = Release|Any CPU
		{8D1EFECC-B66C-4C1E-B3E4-D002A45ABE21}.Debug|arm64.ActiveCfg = Debug|arm64
		{8D1EFECC-B66C-4C1E-B3E4-D002A45ABE21}.Debug|arm64.Build.0 = Debug|arm64
		{8D1EFECC-B66C-4C1E-B3E4-D002A45ABE21}.Debug|x64.ActiveCfg = Debug|x64
		{8D1EFECC-B66C-4C1E-B3E4-D002A45ABE21}.Debug|x64.Build.0 = Debug|x64
		{8D1EFECC-B66C-4C1E-B3E4-D002A45ABE21}.Debug|x86.ActiveCfg = Debug|x86
		{8D1EFECC-B66C-4C1E-B3E4-D002A45ABE21}.Debug|x86.Build.0 = Debug|x86
		{8D1EFECC-B66C-4C1E-B3E4-D002A45ABE21}.Debug|Any CPU.ActiveCfg = Debug|x86
		{8D1EFECC-B66C-4C1E-B3E4-D002A45ABE21}.Debug|Any CPU.Build.0 = Debug|x86
		{8D1EFECC-B66C-4C1E-B3E4-D002A45ABE21}.Release Self-Contained|arm64.ActiveCfg = Debug|arm64
		{8D1EFECC-B66C-4C1E-B3E4-D002A45ABE21}.Release Self-Contained|arm64.Build.0 = Debug|arm64
		{8D1EFECC-B66C-4C1E-B3E4-D002A45ABE21}.Release Self-Contained|x64.ActiveCfg = Debug|x64
		{8D1EFECC-B66C-4C1E-B3E4-D002A45ABE21}.Release Self-Contained|x64.Build.0 = Debug|x64
		{8D1EFECC-B66C-4C1E-B3E4-D002A45ABE21}.Release Self-Contained|x86.ActiveCfg = Debug|x86
		{8D1EFECC-B66C-4C1E-B3E4-D002A45ABE21}.Release Self-Contained|x86.Build.0 = Debug|x86
		{8D1EFECC-B66C-4C1E-B3E4-D002A45ABE21}.Release Self-Contained|Any CPU.ActiveCfg = Debug|x86
		{8D1EFECC-B66C-4C1E-B3E4-D002A45ABE21}.Release Self-Contained|Any CPU.Build.0 = Debug|x86
		{8D1EFECC-B66C-4C1E-B3E4-D002A45ABE21}.Release|arm64.ActiveCfg = Release|arm64
		{8D1EFECC-B66C-4C1E-B3E4-D002A45ABE21}.Release|arm64.Build.0 = Release|arm64
		{8D1EFECC-B66C-4C1E-B3E4-D002A45ABE21}.Release|x64.ActiveCfg = Release|x64
		{8D1EFECC-B66C-4C1E-B3E4-D002A45ABE21}.Release|x64.Build.0 = Release|x64
		{8D1EFECC-B66C-4C1E-B3E4-D002A45ABE21}.Release|x86.ActiveCfg = Release|x86
		{8D1EFECC-B66C-4C1E-B3E4-D002A45ABE21}.Release|x86.Build.0 = Release|x86
		{8D1EFECC-B66C-4C1E-B3E4-D002A45ABE21}.Release|Any CPU.ActiveCfg = Release|x86
		{8D1EFECC-B66C-4C1E-B3E4-D002A45ABE21}.Release|Any CPU.Build.0 = Release|x86
		{B9A2FED3-3CBE-4FEB-B078-59A5AC6EB1E1}.Debug|arm64.ActiveCfg = Debug|arm64
		{B9A2FED3-3CBE-4FEB-B078-59A5AC6EB1E1}.Debug|arm64.Build.0 = Debug|arm64
		{B9A2FED3-3CBE-4FEB-B078-59A5AC6EB1E1}.Debug|x64.ActiveCfg = Debug|x64
		{B9A2FED3-3CBE-4FEB-B078-59A5AC6EB1E1}.Debug|x64.Build.0 = Debug|x64
		{B9A2FED3-3CBE-4FEB-B078-59A5AC6EB1E1}.Debug|x86.ActiveCfg = Debug|x86
		{B9A2FED3-3CBE-4FEB-B078-59A5AC6EB1E1}.Debug|x86.Build.0 = Debug|x86
		{B9A2FED3-3CBE-4FEB-B078-59A5AC6EB1E1}.Debug|Any CPU.ActiveCfg = Debug|x86
		{B9A2FED3-3CBE-4FEB-B078-59A5AC6EB1E1}.Debug|Any CPU.Build.0 = Debug|x86
		{B9A2FED3-3CBE-4FEB-B078-59A5AC6EB1E1}.Release Self-Contained|arm64.ActiveCfg = Release|arm64
		{B9A2FED3-3CBE-4FEB-B078-59A5AC6EB1E1}.Release Self-Contained|arm64.Build.0 = Release|arm64
		{B9A2FED3-3CBE-4FEB-B078-59A5AC6EB1E1}.Release Self-Contained|x64.ActiveCfg = Debug|x64
		{B9A2FED3-3CBE-4FEB-B078-59A5AC6EB1E1}.Release Self-Contained|x64.Build.0 = Debug|x64
		{B9A2FED3-3CBE-4FEB-B078-59A5AC6EB1E1}.Release Self-Contained|x86.ActiveCfg = Debug|x86
		{B9A2FED3-3CBE-4FEB-B078-59A5AC6EB1E1}.Release Self-Contained|x86.Build.0 = Debug|x86
		{B9A2FED3-3CBE-4FEB-B078-59A5AC6EB1E1}.Release Self-Contained|Any CPU.ActiveCfg = Debug|x86
		{B9A2FED3-3CBE-4FEB-B078-59A5AC6EB1E1}.Release Self-Contained|Any CPU.Build.0 = Debug|x86
		{B9A2FED3-3CBE-4FEB-B078-59A5AC6EB1E1}.Release|arm64.ActiveCfg = Release|arm64
		{B9A2FED3-3CBE-4FEB-B078-59A5AC6EB1E1}.Release|arm64.Build.0 = Release|arm64
		{B9A2FED3-3CBE-4FEB-B078-59A5AC6EB1E1}.Release|x64.ActiveCfg = Release|x64
		{B9A2FED3-3CBE-4FEB-B078-59A5AC6EB1E1}.Release|x64.Build.0 = Release|x64
		{B9A2FED3-3CBE-4FEB-B078-59A5AC6EB1E1}.Release|x86.ActiveCfg = Release|x86
		{B9A2FED3-3CBE-4FEB-B078-59A5AC6EB1E1}.Release|x86.Build.0 = Release|x86
		{B9A2FED3-3CBE-4FEB-B078-59A5AC6EB1E1}.Release|Any CPU.ActiveCfg = Release|x86
		{B9A2FED3-3CBE-4FEB-B078-59A5AC6EB1E1}.Release|Any CPU.Build.0 = Release|x86
	EndGlobalSection
	GlobalSection(SolutionProperties) = preSolution
		HideSolutionNode = FALSE
	EndGlobalSection
	GlobalSection(ExtensibilityGlobals) = postSolution
		SolutionGuid = {5D390A0C-2FC4-4908-B86E-7E4DEF5916EC}
	EndGlobalSection
EndGlobal
