
Microsoft Visual Studio Solution File, Format Version 12.00
# Visual Studio 15
VisualStudioVersion = 15.0.26228.4
MinimumVisualStudioVersion = 14.0.25420.1
Project("{FAE04EC0-301F-11D3-BF4B-00C04F79EFBC}") = "mRemoteV1", "mRemoteV1\mRemoteV1.csproj", "{4934A491-40BC-4E5B-9166-EA1169A220F6}"
EndProject
Project("{FAE04EC0-301F-11D3-BF4B-00C04F79EFBC}") = "mRemoteNGTests", "mRemoteNGTests\mRemoteNGTests.csproj", "{1453B37F-8621-499E-B0B2-6091F76DC0BB}"
EndProject
Project("{2150E333-8FDC-42A3-9474-1A3956D46DE8}") = "InstallerProjects", "InstallerProjects", "{4FE795BE-646E-4F1B-BAD0-A68EA26394DD}"
EndProject
Project("{FAE04EC0-301F-11D3-BF4B-00C04F79EFBC}") = "CustomActions", "InstallerProjects\CustomActions\CustomActions.csproj", "{5423D985-CB48-4344-B47F-E8C6D60C8B04}"
EndProject
Project("{930C7802-8A8C-48F9-8165-68863BCCD9DD}") = "Installer", "InstallerProjects\Installer\Installer.wixproj", "{F0168B9F-6815-40DF-BA53-46CEE7683B68}"
	ProjectSection(ProjectDependencies) = postProject
		{5423D985-CB48-4344-B47F-E8C6D60C8B04} = {5423D985-CB48-4344-B47F-E8C6D60C8B04}
	EndProjectSection
EndProject
Global
	GlobalSection(SolutionConfigurationPlatforms) = preSolution
		Debug Portable|x86 = Debug Portable|x86
		Debug|x86 = Debug|x86
		Release Installer|x86 = Release Installer|x86
		Release Portable|x86 = Release Portable|x86
		Release|x86 = Release|x86
	EndGlobalSection
	GlobalSection(ProjectConfigurationPlatforms) = postSolution
		{4934A491-40BC-4E5B-9166-EA1169A220F6}.Debug Portable|x86.ActiveCfg = Debug Portable|x86
		{4934A491-40BC-4E5B-9166-EA1169A220F6}.Debug Portable|x86.Build.0 = Debug Portable|x86
		{4934A491-40BC-4E5B-9166-EA1169A220F6}.Debug|x86.ActiveCfg = Debug|x86
		{4934A491-40BC-4E5B-9166-EA1169A220F6}.Debug|x86.Build.0 = Debug|x86
		{4934A491-40BC-4E5B-9166-EA1169A220F6}.Release Installer|x86.ActiveCfg = Release|x86
		{4934A491-40BC-4E5B-9166-EA1169A220F6}.Release Installer|x86.Build.0 = Release|x86
		{4934A491-40BC-4E5B-9166-EA1169A220F6}.Release Portable|x86.ActiveCfg = Release Portable|x86
		{4934A491-40BC-4E5B-9166-EA1169A220F6}.Release Portable|x86.Build.0 = Release Portable|x86
		{4934A491-40BC-4E5B-9166-EA1169A220F6}.Release|x86.ActiveCfg = Release|x86
		{4934A491-40BC-4E5B-9166-EA1169A220F6}.Release|x86.Build.0 = Release|x86
		{1453B37F-8621-499E-B0B2-6091F76DC0BB}.Debug Portable|x86.ActiveCfg = Debug Portable|x86
		{1453B37F-8621-499E-B0B2-6091F76DC0BB}.Debug Portable|x86.Build.0 = Debug Portable|x86
		{1453B37F-8621-499E-B0B2-6091F76DC0BB}.Debug|x86.ActiveCfg = Debug|x86
		{1453B37F-8621-499E-B0B2-6091F76DC0BB}.Debug|x86.Build.0 = Debug|x86
		{1453B37F-8621-499E-B0B2-6091F76DC0BB}.Release Installer|x86.ActiveCfg = Release|x86
		{1453B37F-8621-499E-B0B2-6091F76DC0BB}.Release Installer|x86.Build.0 = Release|x86
		{1453B37F-8621-499E-B0B2-6091F76DC0BB}.Release Portable|x86.ActiveCfg = Release Portable|x86
		{1453B37F-8621-499E-B0B2-6091F76DC0BB}.Release Portable|x86.Build.0 = Release Portable|x86
		{1453B37F-8621-499E-B0B2-6091F76DC0BB}.Release|x86.ActiveCfg = Release|x86
		{1453B37F-8621-499E-B0B2-6091F76DC0BB}.Release|x86.Build.0 = Release|x86
		{5423D985-CB48-4344-B47F-E8C6D60C8B04}.Debug Portable|x86.ActiveCfg = Debug|x86
		{5423D985-CB48-4344-B47F-E8C6D60C8B04}.Debug|x86.ActiveCfg = Debug|x86
		{5423D985-CB48-4344-B47F-E8C6D60C8B04}.Debug|x86.Build.0 = Debug|x86
		{5423D985-CB48-4344-B47F-E8C6D60C8B04}.Release Installer|x86.ActiveCfg = Release|x86
		{5423D985-CB48-4344-B47F-E8C6D60C8B04}.Release Installer|x86.Build.0 = Release|x86
		{5423D985-CB48-4344-B47F-E8C6D60C8B04}.Release Portable|x86.ActiveCfg = Release|x86
		{5423D985-CB48-4344-B47F-E8C6D60C8B04}.Release|x86.ActiveCfg = Release|x86
		{F0168B9F-6815-40DF-BA53-46CEE7683B68}.Debug Portable|x86.ActiveCfg = Debug Portable|x86
		{F0168B9F-6815-40DF-BA53-46CEE7683B68}.Debug|x86.ActiveCfg = Debug|x86
		{F0168B9F-6815-40DF-BA53-46CEE7683B68}.Release Installer|x86.ActiveCfg = Release|x86
		{F0168B9F-6815-40DF-BA53-46CEE7683B68}.Release Installer|x86.Build.0 = Release|x86
		{F0168B9F-6815-40DF-BA53-46CEE7683B68}.Release Portable|x86.ActiveCfg = Release Portable|x86
		{F0168B9F-6815-40DF-BA53-46CEE7683B68}.Release|x86.ActiveCfg = Release|x86
	EndGlobalSection
	GlobalSection(SolutionProperties) = preSolution
		HideSolutionNode = FALSE
	EndGlobalSection
	GlobalSection(NestedProjects) = preSolution
		{5423D985-CB48-4344-B47F-E8C6D60C8B04} = {4FE795BE-646E-4F1B-BAD0-A68EA26394DD}
		{F0168B9F-6815-40DF-BA53-46CEE7683B68} = {4FE795BE-646E-4F1B-BAD0-A68EA26394DD}
	EndGlobalSection
EndGlobal
