
Microsoft Visual Studio Solution File, Format Version 9.00
# Visual Studio 2005
Project("{FAE04EC0-301F-11D3-BF4B-00C04F79EFBC}") = "FilteredPropertyGrid", "FilteredPropertyGrid\FilteredPropertyGrid.csproj", "{C74B67EE-E6E9-40BE-A76E-434EF1B4C78A}"
EndProject
Project("{FAE04EC0-301F-11D3-BF4B-00C04F79EFBC}") = "WindowsApplication1", "WindowsApplication1\WindowsApplication1.csproj", "{CBDB051D-E98C-43CC-914B-60C5A407DAA0}"
EndProject
Global
	GlobalSection(SolutionConfigurationPlatforms) = preSolution
		Debug|Any CPU = Debug|Any CPU
		Release|Any CPU = Release|Any CPU
	EndGlobalSection
	GlobalSection(ProjectConfigurationPlatforms) = postSolution
		{C74B67EE-E6E9-40BE-A76E-434EF1B4C78A}.Debug|Any CPU.ActiveCfg = Release|Any CPU
		{C74B67EE-E6E9-40BE-A76E-434EF1B4C78A}.Debug|Any CPU.Build.0 = Release|Any CPU
		{C74B67EE-E6E9-40BE-A76E-434EF1B4C78A}.Release|Any CPU.ActiveCfg = Release|Any CPU
		{C74B67EE-E6E9-40BE-A76E-434EF1B4C78A}.Release|Any CPU.Build.0 = Release|Any CPU
		{CBDB051D-E98C-43CC-914B-60C5A407DAA0}.Debug|Any CPU.ActiveCfg = Release|Any CPU
		{CBDB051D-E98C-43CC-914B-60C5A407DAA0}.Debug|Any CPU.Build.0 = Release|Any CPU
		{CBDB051D-E98C-43CC-914B-60C5A407DAA0}.Release|Any CPU.ActiveCfg = Release|Any CPU
		{CBDB051D-E98C-43CC-914B-60C5A407DAA0}.Release|Any CPU.Build.0 = Release|Any CPU
	EndGlobalSection
	GlobalSection(SolutionProperties) = preSolution
		HideSolutionNode = FALSE
	EndGlobalSection
EndGlobal
